// !$*UTF8*$!
{
	archiveVersion = 1;
	classes = {
	};
	objectVersion = 55;
	objects = {

/* Begin PBXBuildFile section */
		0CCD7FE22850354300756BD7 /* AppDelegate.swift in Sources */ = {isa = PBXBuildFile; fileRef = 0CCD7FE12850354300756BD7 /* AppDelegate.swift */; };
		0CCD7FE42850354300756BD7 /* SceneDelegate.swift in Sources */ = {isa = PBXBuildFile; fileRef = 0CCD7FE32850354300756BD7 /* SceneDelegate.swift */; };
		0CCD7FE62850354300756BD7 /* ViewController.swift in Sources */ = {isa = PBXBuildFile; fileRef = 0CCD7FE52850354300756BD7 /* ViewController.swift */; };
		0CCD7FE92850354300756BD7 /* Main.storyboard in Resources */ = {isa = PBXBuildFile; fileRef = 0CCD7FE72850354300756BD7 /* Main.storyboard */; };
		0CCD7FEB2850354700756BD7 /* Assets.xcassets in Resources */ = {isa = PBXBuildFile; fileRef = 0CCD7FEA2850354700756BD7 /* Assets.xcassets */; };
		0CCD7FEE2850354700756BD7 /* LaunchScreen.storyboard in Resources */ = {isa = PBXBuildFile; fileRef = 0CCD7FEC2850354700756BD7 /* LaunchScreen.storyboard */; };
		0CCD7FF92850354800756BD7 /* Swift_TestTests.swift in Sources */ = {isa = PBXBuildFile; fileRef = 0CCD7FF82850354800756BD7 /* Swift_TestTests.swift */; };
		0CCD80032850354800756BD7 /* Swift_TestUITests.swift in Sources */ = {isa = PBXBuildFile; fileRef = 0CCD80022850354800756BD7 /* Swift_TestUITests.swift */; };
		0CCD80052850354800756BD7 /* Swift_TestUITestsLaunchTests.swift in Sources */ = {isa = PBXBuildFile; fileRef = 0CCD80042850354800756BD7 /* Swift_TestUITestsLaunchTests.swift */; };
/* End PBXBuildFile section */

/* Begin PBXContainerItemProxy section */
		0CCD7FF52850354800756BD7 /* PBXContainerItemProxy */ = {
			isa = PBXContainerItemProxy;
			containerPortal = 0CCD7FD62850354300756BD7 /* Project object */;
			proxyType = 1;
			remoteGlobalIDString = 0CCD7FDD2850354300756BD7;
			remoteInfo = "Swift-Test";
		};
		0CCD7FFF2850354800756BD7 /* PBXContainerItemProxy */ = {
			isa = PBXContainerItemProxy;
			containerPortal = 0CCD7FD62850354300756BD7 /* Project object */;
			proxyType = 1;
			remoteGlobalIDString = 0CCD7FDD2850354300756BD7;
			remoteInfo = "Swift-Test";
		};
/* End PBXContainerItemProxy section */

/* Begin PBXFileReference section */
		0CCD7FDE2850354300756BD7 /* Swift-Test.app */ = {isa = PBXFileReference; explicitFileType = wrapper.application; includeInIndex = 0; path = "Swift-Test.app"; sourceTree = BUILT_PRODUCTS_DIR; };
		0CCD7FE12850354300756BD7 /* AppDelegate.swift */ = {isa = PBXFileReference; lastKnownFileType = sourcecode.swift; path = AppDelegate.swift; sourceTree = "<group>"; };
		0CCD7FE32850354300756BD7 /* SceneDelegate.swift */ = {isa = PBXFileReference; lastKnownFileType = sourcecode.swift; path = SceneDelegate.swift; sourceTree = "<group>"; };
		0CCD7FE52850354300756BD7 /* ViewController.swift */ = {isa = PBXFileReference; lastKnownFileType = sourcecode.swift; path = ViewController.swift; sourceTree = "<group>"; };
		0CCD7FE82850354300756BD7 /* Base */ = {isa = PBXFileReference; lastKnownFileType = file.storyboard; name = Base; path = Base.lproj/Main.storyboard; sourceTree = "<group>"; };
		0CCD7FEA2850354700756BD7 /* Assets.xcassets */ = {isa = PBXFileReference; lastKnownFileType = folder.assetcatalog; path = Assets.xcassets; sourceTree = "<group>"; };
		0CCD7FED2850354700756BD7 /* Base */ = {isa = PBXFileReference; lastKnownFileType = file.storyboard; name = Base; path = Base.lproj/LaunchScreen.storyboard; sourceTree = "<group>"; };
		0CCD7FEF2850354700756BD7 /* Info.plist */ = {isa = PBXFileReference; lastKnownFileType = text.plist.xml; path = Info.plist; sourceTree = "<group>"; };
		0CCD7FF42850354800756BD7 /* Swift-TestTests.xctest */ = {isa = PBXFileReference; explicitFileType = wrapper.cfbundle; includeInIndex = 0; path = "Swift-TestTests.xctest"; sourceTree = BUILT_PRODUCTS_DIR; };
		0CCD7FF82850354800756BD7 /* Swift_TestTests.swift */ = {isa = PBXFileReference; lastKnownFileType = sourcecode.swift; path = Swift_TestTests.swift; sourceTree = "<group>"; };
		0CCD7FFE2850354800756BD7 /* Swift-TestUITests.xctest */ = {isa = PBXFileReference; explicitFileType = wrapper.cfbundle; includeInIndex = 0; path = "Swift-TestUITests.xctest"; sourceTree = BUILT_PRODUCTS_DIR; };
		0CCD80022850354800756BD7 /* Swift_TestUITests.swift */ = {isa = PBXFileReference; lastKnownFileType = sourcecode.swift; path = Swift_TestUITests.swift; sourceTree = "<group>"; };
		0CCD80042850354800756BD7 /* Swift_TestUITestsLaunchTests.swift */ = {isa = PBXFileReference; lastKnownFileType = sourcecode.swift; path = Swift_TestUITestsLaunchTests.swift; sourceTree = "<group>"; };
/* End PBXFileReference section */

/* Begin PBXFrameworksBuildPhase section */
		0CCD7FDB2850354300756BD7 /* Frameworks */ = {
			isa = PBXFrameworksBuildPhase;
			buildActionMask = 2147483647;
			files = (
			);
			runOnlyForDeploymentPostprocessing = 0;
		};
		0CCD7FF12850354800756BD7 /* Frameworks */ = {
			isa = PBXFrameworksBuildPhase;
			buildActionMask = 2147483647;
			files = (
			);
			runOnlyForDeploymentPostprocessing = 0;
		};
		0CCD7FFB2850354800756BD7 /* Frameworks */ = {
			isa = PBXFrameworksBuildPhase;
			buildActionMask = 2147483647;
			files = (
			);
			runOnlyForDeploymentPostprocessing = 0;
		};
/* End PBXFrameworksBuildPhase section */

/* Begin PBXGroup section */
		0CCD7FD52850354200756BD7 = {
			isa = PBXGroup;
			children = (
				0CCD7FE02850354300756BD7 /* Swift-Test */,
				0CCD7FF72850354800756BD7 /* Swift-TestTests */,
				0CCD80012850354800756BD7 /* Swift-TestUITests */,
				0CCD7FDF2850354300756BD7 /* Products */,
			);
			sourceTree = "<group>";
		};
		0CCD7FDF2850354300756BD7 /* Products */ = {
			isa = PBXGroup;
			children = (
				0CCD7FDE2850354300756BD7 /* Swift-Test.app */,
				0CCD7FF42850354800756BD7 /* Swift-TestTests.xctest */,
				0CCD7FFE2850354800756BD7 /* Swift-TestUITests.xctest */,
			);
			name = Products;
			sourceTree = "<group>";
		};
		0CCD7FE02850354300756BD7 /* Swift-Test */ = {
			isa = PBXGroup;
			children = (
				0CCD7FE12850354300756BD7 /* AppDelegate.swift */,
				0CCD7FE32850354300756BD7 /* SceneDelegate.swift */,
				0CCD7FE52850354300756BD7 /* ViewController.swift */,
				0CCD7FE72850354300756BD7 /* Main.storyboard */,
				0CCD7FEA2850354700756BD7 /* Assets.xcassets */,
				0CCD7FEC2850354700756BD7 /* LaunchScreen.storyboard */,
				0CCD7FEF2850354700756BD7 /* Info.plist */,
			);
			path = "Swift-Test";
			sourceTree = "<group>";
		};
		0CCD7FF72850354800756BD7 /* Swift-TestTests */ = {
			isa = PBXGroup;
			children = (
				0CCD7FF82850354800756BD7 /* Swift_TestTests.swift */,
			);
			path = "Swift-TestTests";
			sourceTree = "<group>";
		};
		0CCD80012850354800756BD7 /* Swift-TestUITests */ = {
			isa = PBXGroup;
			children = (
				0CCD80022850354800756BD7 /* Swift_TestUITests.swift */,
				0CCD80042850354800756BD7 /* Swift_TestUITestsLaunchTests.swift */,
			);
			path = "Swift-TestUITests";
			sourceTree = "<group>";
		};
/* End PBXGroup section */

/* Begin PBXNativeTarget section */
		0CCD7FDD2850354300756BD7 /* Swift-Test */ = {
			isa = PBXNativeTarget;
			buildConfigurationList = 0CCD80082850354800756BD7 /* Build configuration list for PBXNativeTarget "Swift-Test" */;
			buildPhases = (
				0CCD7FDA2850354300756BD7 /* Sources */,
				0CCD7FDB2850354300756BD7 /* Frameworks */,
				0CCD7FDC2850354300756BD7 /* Resources */,
			);
			buildRules = (
			);
			dependencies = (
			);
			name = "Swift-Test";
			productName = "Swift-Test";
			productReference = 0CCD7FDE2850354300756BD7 /* Swift-Test.app */;
			productType = "com.apple.product-type.application";
		};
		0CCD7FF32850354800756BD7 /* Swift-TestTests */ = {
			isa = PBXNativeTarget;
			buildConfigurationList = 0CCD800B2850354800756BD7 /* Build configuration list for PBXNativeTarget "Swift-TestTests" */;
			buildPhases = (
				0CCD7FF02850354800756BD7 /* Sources */,
				0CCD7FF12850354800756BD7 /* Frameworks */,
				0CCD7FF22850354800756BD7 /* Resources */,
			);
			buildRules = (
			);
			dependencies = (
				0CCD7FF62850354800756BD7 /* PBXTargetDependency */,
			);
			name = "Swift-TestTests";
			productName = "Swift-TestTests";
			productReference = 0CCD7FF42850354800756BD7 /* Swift-TestTests.xctest */;
			productType = "com.apple.product-type.bundle.unit-test";
		};
		0CCD7FFD2850354800756BD7 /* Swift-TestUITests */ = {
			isa = PBXNativeTarget;
			buildConfigurationList = 0CCD800E2850354800756BD7 /* Build configuration list for PBXNativeTarget "Swift-TestUITests" */;
			buildPhases = (
				0CCD7FFA2850354800756BD7 /* Sources */,
				0CCD7FFB2850354800756BD7 /* Frameworks */,
				0CCD7FFC2850354800756BD7 /* Resources */,
			);
			buildRules = (
			);
			dependencies = (
				0CCD80002850354800756BD7 /* PBXTargetDependency */,
			);
			name = "Swift-TestUITests";
			productName = "Swift-TestUITests";
			productReference = 0CCD7FFE2850354800756BD7 /* Swift-TestUITests.xctest */;
			productType = "com.apple.product-type.bundle.ui-testing";
		};
/* End PBXNativeTarget section */

/* Begin PBXProject section */
		0CCD7FD62850354300756BD7 /* Project object */ = {
			isa = PBXProject;
			attributes = {
				BuildIndependentTargetsInParallel = 1;
				LastSwiftUpdateCheck = 1320;
				LastUpgradeCheck = 1320;
				TargetAttributes = {
					0CCD7FDD2850354300756BD7 = {
						CreatedOnToolsVersion = 13.2.1;
					};
					0CCD7FF32850354800756BD7 = {
						CreatedOnToolsVersion = 13.2.1;
						TestTargetID = 0CCD7FDD2850354300756BD7;
					};
					0CCD7FFD2850354800756BD7 = {
						CreatedOnToolsVersion = 13.2.1;
						TestTargetID = 0CCD7FDD2850354300756BD7;
					};
				};
			};
			buildConfigurationList = 0CCD7FD92850354300756BD7 /* Build configuration list for PBXProject "Swift-Test" */;
			compatibilityVersion = "Xcode 13.0";
			developmentRegion = en;
			hasScannedForEncodings = 0;
			knownRegions = (
				en,
				Base,
			);
			mainGroup = 0CCD7FD52850354200756BD7;
			productRefGroup = 0CCD7FDF2850354300756BD7 /* Products */;
			projectDirPath = "";
			projectRoot = "";
			targets = (
				0CCD7FDD2850354300756BD7 /* Swift-Test */,
				0CCD7FF32850354800756BD7 /* Swift-TestTests */,
				0CCD7FFD2850354800756BD7 /* Swift-TestUITests */,
			);
		};
/* End PBXProject section */

/* Begin PBXResourcesBuildPhase section */
		0CCD7FDC2850354300756BD7 /* Resources */ = {
			isa = PBXResourcesBuildPhase;
			buildActionMask = 2147483647;
			files = (
				0CCD7FEE2850354700756BD7 /* LaunchScreen.storyboard in Resources */,
				0CCD7FEB2850354700756BD7 /* Assets.xcassets in Resources */,
				0CCD7FE92850354300756BD7 /* Main.storyboard in Resources */,
			);
			runOnlyForDeploymentPostprocessing = 0;
		};
		0CCD7FF22850354800756BD7 /* Resources */ = {
			isa = PBXResourcesBuildPhase;
			buildActionMask = 2147483647;
			files = (
			);
			runOnlyForDeploymentPostprocessing = 0;
		};
		0CCD7FFC2850354800756BD7 /* Resources */ = {
			isa = PBXResourcesBuildPhase;
			buildActionMask = 2147483647;
			files = (
			);
			runOnlyForDeploymentPostprocessing = 0;
		};
/* End PBXResourcesBuildPhase section */

/* Begin PBXSourcesBuildPhase section */
		0CCD7FDA2850354300756BD7 /* Sources */ = {
			isa = PBXSourcesBuildPhase;
			buildActionMask = 2147483647;
			files = (
				0CCD7FE62850354300756BD7 /* ViewController.swift in Sources */,
				0CCD7FE22850354300756BD7 /* AppDelegate.swift in Sources */,
				0CCD7FE42850354300756BD7 /* SceneDelegate.swift in Sources */,
			);
			runOnlyForDeploymentPostprocessing = 0;
		};
		0CCD7FF02850354800756BD7 /* Sources */ = {
			isa = PBXSourcesBuildPhase;
			buildActionMask = 2147483647;
			files = (
				0CCD7FF92850354800756BD7 /* Swift_TestTests.swift in Sources */,
			);
			runOnlyForDeploymentPostprocessing = 0;
		};
		0CCD7FFA2850354800756BD7 /* Sources */ = {
			isa = PBXSourcesBuildPhase;
			buildActionMask = 2147483647;
			files = (
				0CCD80052850354800756BD7 /* Swift_TestUITestsLaunchTests.swift in Sources */,
				0CCD80032850354800756BD7 /* Swift_TestUITests.swift in Sources */,
			);
			runOnlyForDeploymentPostprocessing = 0;
		};
/* End PBXSourcesBuildPhase section */

/* Begin PBXTargetDependency section */
		0CCD7FF62850354800756BD7 /* PBXTargetDependency */ = {
			isa = PBXTargetDependency;
			target = 0CCD7FDD2850354300756BD7 /* Swift-Test */;
			targetProxy = 0CCD7FF52850354800756BD7 /* PBXContainerItemProxy */;
		};
		0CCD80002850354800756BD7 /* PBXTargetDependency */ = {
			isa = PBXTargetDependency;
			target = 0CCD7FDD2850354300756BD7 /* Swift-Test */;
			targetProxy = 0CCD7FFF2850354800756BD7 /* PBXContainerItemProxy */;
		};
/* End PBXTargetDependency section */

/* Begin PBXVariantGroup section */
		0CCD7FE72850354300756BD7 /* Main.storyboard */ = {
			isa = PBXVariantGroup;
			children = (
				0CCD7FE82850354300756BD7 /* Base */,
			);
			name = Main.storyboard;
			sourceTree = "<group>";
		};
		0CCD7FEC2850354700756BD7 /* LaunchScreen.storyboard */ = {
			isa = PBXVariantGroup;
			children = (
				0CCD7FED2850354700756BD7 /* Base */,
			);
			name = LaunchScreen.storyboard;
			sourceTree = "<group>";
		};
/* End PBXVariantGroup section */

/* Begin XCBuildConfiguration section */
		0CCD80062850354800756BD7 /* Debug */ = {
			isa = XCBuildConfiguration;
			buildSettings = {
				ALWAYS_SEARCH_USER_PATHS = NO;
				CLANG_ANALYZER_NONNULL = YES;
				CLANG_ANALYZER_NUMBER_OBJECT_CONVERSION = YES_AGGRESSIVE;
				CLANG_CXX_LANGUAGE_STANDARD = "gnu++17";
				CLANG_CXX_LIBRARY = "libc++";
				CLANG_ENABLE_MODULES = YES;
				CLANG_ENABLE_OBJC_ARC = YES;
				CLANG_ENABLE_OBJC_WEAK = YES;
				CLANG_WARN_BLOCK_CAPTURE_AUTORELEASING = YES;
				CLANG_WARN_BOOL_CONVERSION = YES;
				CLANG_WARN_COMMA = YES;
				CLANG_WARN_CONSTANT_CONVERSION = YES;
				CLANG_WARN_DEPRECATED_OBJC_IMPLEMENTATIONS = YES;
				CLANG_WARN_DIRECT_OBJC_ISA_USAGE = YES_ERROR;
				CLANG_WARN_DOCUMENTATION_COMMENTS = YES;
				CLANG_WARN_EMPTY_BODY = YES;
				CLANG_WARN_ENUM_CONVERSION = YES;
				CLANG_WARN_INFINITE_RECURSION = YES;
				CLANG_WARN_INT_CONVERSION = YES;
				CLANG_WARN_NON_LITERAL_NULL_CONVERSION = YES;
				CLANG_WARN_OBJC_IMPLICIT_RETAIN_SELF = YES;
				CLANG_WARN_OBJC_LITERAL_CONVERSION = YES;
				CLANG_WARN_OBJC_ROOT_CLASS = YES_ERROR;
				CLANG_WARN_QUOTED_INCLUDE_IN_FRAMEWORK_HEADER = YES;
				CLANG_WARN_RANGE_LOOP_ANALYSIS = YES;
				CLANG_WARN_STRICT_PROTOTYPES = YES;
				CLANG_WARN_SUSPICIOUS_MOVE = YES;
				CLANG_WARN_UNGUARDED_AVAILABILITY = YES_AGGRESSIVE;
				CLANG_WARN_UNREACHABLE_CODE = YES;
				CLANG_WARN__DUPLICATE_METHOD_MATCH = YES;
				COPY_PHASE_STRIP = NO;
				DEBUG_INFORMATION_FORMAT = dwarf;
				ENABLE_STRICT_OBJC_MSGSEND = YES;
				ENABLE_TESTABILITY = YES;
				GCC_C_LANGUAGE_STANDARD = gnu11;
				GCC_DYNAMIC_NO_PIC = NO;
				GCC_NO_COMMON_BLOCKS = YES;
				GCC_OPTIMIZATION_LEVEL = 0;
				GCC_PREPROCESSOR_DEFINITIONS = (
					"DEBUG=1",
					"$(inherited)",
				);
				GCC_WARN_64_TO_32_BIT_CONVERSION = YES;
				GCC_WARN_ABOUT_RETURN_TYPE = YES_ERROR;
				GCC_WARN_UNDECLARED_SELECTOR = YES;
				GCC_WARN_UNINITIALIZED_AUTOS = YES_AGGRESSIVE;
				GCC_WARN_UNUSED_FUNCTION = YES;
				GCC_WARN_UNUSED_VARIABLE = YES;
				IPHONEOS_DEPLOYMENT_TARGET = 15.2;
				MTL_ENABLE_DEBUG_INFO = INCLUDE_SOURCE;
				MTL_FAST_MATH = YES;
				ONLY_ACTIVE_ARCH = YES;
				SDKROOT = iphoneos;
				SWIFT_ACTIVE_COMPILATION_CONDITIONS = DEBUG;
				SWIFT_OPTIMIZATION_LEVEL = "-Onone";
			};
			name = Debug;
		};
		0CCD80072850354800756BD7 /* Release */ = {
			isa = XCBuildConfiguration;
			buildSettings = {
				ALWAYS_SEARCH_USER_PATHS = NO;
				CLANG_ANALYZER_NONNULL = YES;
				CLANG_ANALYZER_NUMBER_OBJECT_CONVERSION = YES_AGGRESSIVE;
				CLANG_CXX_LANGUAGE_STANDARD = "gnu++17";
				CLANG_CXX_LIBRARY = "libc++";
				CLANG_ENABLE_MODULES = YES;
				CLANG_ENABLE_OBJC_ARC = YES;
				CLANG_ENABLE_OBJC_WEAK = YES;
				CLANG_WARN_BLOCK_CAPTURE_AUTORELEASING = YES;
				CLANG_WARN_BOOL_CONVERSION = YES;
				CLANG_WARN_COMMA = YES;
				CLANG_WARN_CONSTANT_CONVERSION = YES;
				CLANG_WARN_DEPRECATED_OBJC_IMPLEMENTATIONS = YES;
				CLANG_WARN_DIRECT_OBJC_ISA_USAGE = YES_ERROR;
				CLANG_WARN_DOCUMENTATION_COMMENTS = YES;
				CLANG_WARN_EMPTY_BODY = YES;
				CLANG_WARN_ENUM_CONVERSION = YES;
				CLANG_WARN_INFINITE_RECURSION = YES;
				CLANG_WARN_INT_CONVERSION = YES;
				CLANG_WARN_NON_LITERAL_NULL_CONVERSION = YES;
				CLANG_WARN_OBJC_IMPLICIT_RETAIN_SELF = YES;
				CLANG_WARN_OBJC_LITERAL_CONVERSION = YES;
				CLANG_WARN_OBJC_ROOT_CLASS = YES_ERROR;
				CLANG_WARN_QUOTED_INCLUDE_IN_FRAMEWORK_HEADER = YES;
				CLANG_WARN_RANGE_LOOP_ANALYSIS = YES;
				CLANG_WARN_STRICT_PROTOTYPES = YES;
				CLANG_WARN_SUSPICIOUS_MOVE = YES;
				CLANG_WARN_UNGUARDED_AVAILABILITY = YES_AGGRESSIVE;
				CLANG_WARN_UNREACHABLE_CODE = YES;
				CLANG_WARN__DUPLICATE_METHOD_MATCH = YES;
				COPY_PHASE_STRIP = NO;
				DEBUG_INFORMATION_FORMAT = "dwarf-with-dsym";
				ENABLE_NS_ASSERTIONS = NO;
				ENABLE_STRICT_OBJC_MSGSEND = YES;
				GCC_C_LANGUAGE_STANDARD = gnu11;
				GCC_NO_COMMON_BLOCKS = YES;
				GCC_WARN_64_TO_32_BIT_CONVERSION = YES;
				GCC_WARN_ABOUT_RETURN_TYPE = YES_ERROR;
				GCC_WARN_UNDECLARED_SELECTOR = YES;
				GCC_WARN_UNINITIALIZED_AUTOS = YES_AGGRESSIVE;
				GCC_WARN_UNUSED_FUNCTION = YES;
				GCC_WARN_UNUSED_VARIABLE = YES;
				IPHONEOS_DEPLOYMENT_TARGET = 15.2;
				MTL_ENABLE_DEBUG_INFO = NO;
				MTL_FAST_MATH = YES;
				SDKROOT = iphoneos;
				SWIFT_COMPILATION_MODE = wholemodule;
				SWIFT_OPTIMIZATION_LEVEL = "-O";
				VALIDATE_PRODUCT = YES;
			};
			name = Release;
		};
		0CCD80092850354800756BD7 /* Debug */ = {
			isa = XCBuildConfiguration;
			buildSettings = {
				ASSETCATALOG_COMPILER_APPICON_NAME = AppIcon;
				ASSETCATALOG_COMPILER_GLOBAL_ACCENT_COLOR_NAME = AccentColor;
				CODE_SIGN_STYLE = Automatic;
				CURRENT_PROJECT_VERSION = 1;
				DEVELOPMENT_TEAM = TCXL8H4D5H;
				GENERATE_INFOPLIST_FILE = YES;
				INFOPLIST_FILE = "Swift-Test/Info.plist";
				INFOPLIST_KEY_UIApplicationSupportsIndirectInputEvents = YES;
				INFOPLIST_KEY_UILaunchStoryboardName = LaunchScreen;
				INFOPLIST_KEY_UIMainStoryboardFile = Main;
				INFOPLIST_KEY_UISupportedInterfaceOrientations_iPad = "UIInterfaceOrientationPortrait UIInterfaceOrientationPortraitUpsideDown UIInterfaceOrientationLandscapeLeft UIInterfaceOrientationLandscapeRight";
				INFOPLIST_KEY_UISupportedInterfaceOrientations_iPhone = "UIInterfaceOrientationPortrait UIInterfaceOrientationLandscapeLeft UIInterfaceOrientationLandscapeRight";
				LD_RUNPATH_SEARCH_PATHS = (
					"$(inherited)",
					"@executable_path/Frameworks",
				);
				MARKETING_VERSION = 1.0;
				PRODUCT_BUNDLE_IDENTIFIER = "com.qiyi.hd.Swift-Test";
				PRODUCT_NAME = "$(TARGET_NAME)";
				SWIFT_EMIT_LOC_STRINGS = YES;
				SWIFT_VERSION = 5.0;
				TARGETED_DEVICE_FAMILY = "1,2";
			};
			name = Debug;
		};
		0CCD800A2850354800756BD7 /* Release */ = {
			isa = XCBuildConfiguration;
			buildSettings = {
				ASSETCATALOG_COMPILER_APPICON_NAME = AppIcon;
				ASSETCATALOG_COMPILER_GLOBAL_ACCENT_COLOR_NAME = AccentColor;
				CODE_SIGN_STYLE = Automatic;
				CURRENT_PROJECT_VERSION = 1;
				DEVELOPMENT_TEAM = TCXL8H4D5H;
				GENERATE_INFOPLIST_FILE = YES;
				INFOPLIST_FILE = "Swift-Test/Info.plist";
				INFOPLIST_KEY_UIApplicationSupportsIndirectInputEvents = YES;
				INFOPLIST_KEY_UILaunchStoryboardName = LaunchScreen;
				INFOPLIST_KEY_UIMainStoryboardFile = Main;
				INFOPLIST_KEY_UISupportedInterfaceOrientations_iPad = "UIInterfaceOrientationPortrait UIInterfaceOrientationPortraitUpsideDown UIInterfaceOrientationLandscapeLeft UIInterfaceOrientationLandscapeRight";
				INFOPLIST_KEY_UISupportedInterfaceOrientations_iPhone = "UIInterfaceOrientationPortrait UIInterfaceOrientationLandscapeLeft UIInterfaceOrientationLandscapeRight";
				LD_RUNPATH_SEARCH_PATHS = (
					"$(inherited)",
					"@executable_path/Frameworks",
				);
				MARKETING_VERSION = 1.0;
				PRODUCT_BUNDLE_IDENTIFIER = "com.qiyi.hd.Swift-Test";
				PRODUCT_NAME = "$(TARGET_NAME)";
				SWIFT_EMIT_LOC_STRINGS = YES;
				SWIFT_VERSION = 5.0;
				TARGETED_DEVICE_FAMILY = "1,2";
			};
			name = Release;
		};
		0CCD800C2850354800756BD7 /* Debug */ = {
			isa = XCBuildConfiguration;
			buildSettings = {
				ALWAYS_EMBED_SWIFT_STANDARD_LIBRARIES = YES;
				BUNDLE_LOADER = "$(TEST_HOST)";
				CODE_SIGN_STYLE = Automatic;
				CURRENT_PROJECT_VERSION = 1;
				DEVELOPMENT_TEAM = TCXL8H4D5H;
				GENERATE_INFOPLIST_FILE = YES;
				IPHONEOS_DEPLOYMENT_TARGET = 15.2;
				MARKETING_VERSION = 1.0;
				PRODUCT_BUNDLE_IDENTIFIER = "com.qiyi.hd.Swift-TestTests";
				PRODUCT_NAME = "$(TARGET_NAME)";
				SWIFT_EMIT_LOC_STRINGS = NO;
				SWIFT_VERSION = 5.0;
				TARGETED_DEVICE_FAMILY = "1,2";
				TEST_HOST = "$(BUILT_PRODUCTS_DIR)/Swift-Test.app/Swift-Test";
			};
			name = Debug;
		};
		0CCD800D2850354800756BD7 /* Release */ = {
			isa = XCBuildConfiguration;
			buildSettings = {
				ALWAYS_EMBED_SWIFT_STANDARD_LIBRARIES = YES;
				BUNDLE_LOADER = "$(TEST_HOST)";
				CODE_SIGN_STYLE = Automatic;
				CURRENT_PROJECT_VERSION = 1;
				DEVELOPMENT_TEAM = TCXL8H4D5H;
				GENERATE_INFOPLIST_FILE = YES;
				IPHONEOS_DEPLOYMENT_TARGET = 15.2;
				MARKETING_VERSION = 1.0;
				PRODUCT_BUNDLE_IDENTIFIER = "com.qiyi.hd.Swift-TestTests";
				PRODUCT_NAME = "$(TARGET_NAME)";
				SWIFT_EMIT_LOC_STRINGS = NO;
				SWIFT_VERSION = 5.0;
				TARGETED_DEVICE_FAMILY = "1,2";
				TEST_HOST = "$(BUILT_PRODUCTS_DIR)/Swift-Test.app/Swift-Test";
			};
			name = Release;
		};
		0CCD800F2850354800756BD7 /* Debug */ = {
			isa = XCBuildConfiguration;
			buildSettings = {
				ALWAYS_EMBED_SWIFT_STANDARD_LIBRARIES = YES;
				CODE_SIGN_STYLE = Automatic;
				CURRENT_PROJECT_VERSION = 1;
				DEVELOPMENT_TEAM = TCXL8H4D5H;
				GENERATE_INFOPLIST_FILE = YES;
				MARKETING_VERSION = 1.0;
				PRODUCT_BUNDLE_IDENTIFIER = "com.qiyi.hd.Swift-TestUITests";
				PRODUCT_NAME = "$(TARGET_NAME)";
				SWIFT_EMIT_LOC_STRINGS = NO;
				SWIFT_VERSION = 5.0;
				TARGETED_DEVICE_FAMILY = "1,2";
				TEST_TARGET_NAME = "Swift-Test";
			};
			name = Debug;
		};
		0CCD80102850354800756BD7 /* Release */ = {
			isa = XCBuildConfiguration;
			buildSettings = {
				ALWAYS_EMBED_SWIFT_STANDARD_LIBRARIES = YES;
				CODE_SIGN_STYLE = Automatic;
				CURRENT_PROJECT_VERSION = 1;
				DEVELOPMENT_TEAM = TCXL8H4D5H;
				GENERATE_INFOPLIST_FILE = YES;
				MARKETING_VERSION = 1.0;
				PRODUCT_BUNDLE_IDENTIFIER = "com.qiyi.hd.Swift-TestUITests";
				PRODUCT_NAME = "$(TARGET_NAME)";
				SWIFT_EMIT_LOC_STRINGS = NO;
				SWIFT_VERSION = 5.0;
				TARGETED_DEVICE_FAMILY = "1,2";
				TEST_TARGET_NAME = "Swift-Test";
			};
			name = Release;
		};
/* End XCBuildConfiguration section */

/* Begin XCConfigurationList section */
		0CCD7FD92850354300756BD7 /* Build configuration list for PBXProject "Swift-Test" */ = {
			isa = XCConfigurationList;
			buildConfigurations = (
				0CCD80062850354800756BD7 /* Debug */,
				0CCD80072850354800756BD7 /* Release */,
			);
			defaultConfigurationIsVisible = 0;
			defaultConfigurationName = Release;
		};
		0CCD80082850354800756BD7 /* Build configuration list for PBXNativeTarget "Swift-Test" */ = {
			isa = XCConfigurationList;
			buildConfigurations = (
				0CCD80092850354800756BD7 /* Debug */,
				0CCD800A2850354800756BD7 /* Release */,
			);
			defaultConfigurationIsVisible = 0;
			defaultConfigurationName = Release;
		};
		0CCD800B2850354800756BD7 /* Build configuration list for PBXNativeTarget "Swift-TestTests" */ = {
			isa = XCConfigurationList;
			buildConfigurations = (
				0CCD800C2850354800756BD7 /* Debug */,
				0CCD800D2850354800756BD7 /* Release */,
			);
			defaultConfigurationIsVisible = 0;
			defaultConfigurationName = Release;
		};
		0CCD800E2850354800756BD7 /* Build configuration list for PBXNativeTarget "Swift-TestUITests" */ = {
			isa = XCConfigurationList;
			buildConfigurations = (
				0CCD800F2850354800756BD7 /* Debug */,
				0CCD80102850354800756BD7 /* Release */,
			);
			defaultConfigurationIsVisible = 0;
			defaultConfigurationName = Release;
		};
/* End XCConfigurationList section */
	};
	rootObject = 0CCD7FD62850354300756BD7 /* Project object */;
}
